
Microsoft Visual Studio Solution File, Format Version 12.00
# Visual Studio 14
VisualStudioVersion = 14.0.24720.0
MinimumVisualStudioVersion = 10.0.40219.1
Project("{FAE04EC0-301F-11D3-BF4B-00C04F79EFBC}") = "RoutedEventArgs", "RoutedEventArgs\RoutedEventArgs.csproj", "{4C79C2EC-CC05-4A4D-A66A-45D2A845BCDC}"
EndProject
Global
	GlobalSection(SolutionConfigurationPlatforms) = preSolution
		Debug|Any CPU = Debug|Any CPU
		Release|Any CPU = Release|Any CPU
	EndGlobalSection
	GlobalSection(ProjectConfigurationPlatforms) = postSolution
		{4C79C2EC-CC05-4A4D-A66A-45D2A845BCDC}.Debug|Any CPU.ActiveCfg = Debug|Any CPU
		{4C79C2EC-CC05-4A4D-A66A-45D2A845BCDC}.Debug|Any CPU.Build.0 = Debug|Any CPU
		{4C79C2EC-CC05-4A4D-A66A-45D2A845BCDC}.Release|Any CPU.ActiveCfg = Release|Any CPU
		{4C79C2EC-CC05-4A4D-A66A-45D2A845BCDC}.Release|Any CPU.Build.0 = Release|Any CPU
	EndGlobalSection
	GlobalSection(SolutionProperties) = preSolution
		HideSolutionNode = FALSE
	EndGlobalSection
EndGlobal
